
Microsoft Visual Studio Solution File, Format Version 12.00
# Visual Studio Version 17
VisualStudioVersion = 17.5.002.0
MinimumVisualStudioVersion = 10.0.40219.1
Project("{9A19103F-16F7-4668-BE54-9A1E7A4F7556}") = "Blazor", "Blazor\Blazor.csproj", "{D87476E5-28FA-487C-91DC-934D451D4405}"
EndProject
Global
	GlobalSection(SolutionConfigurationPlatforms) = preSolution
		Debug|Any CPU = Debug|Any CPU
		Release|Any CPU = Release|Any CPU
	EndGlobalSection
	GlobalSection(ProjectConfigurationPlatforms) = postSolution
		{D87476E5-28FA-487C-91DC-934D451D4405}.Debug|Any CPU.ActiveCfg = Debug|Any CPU
		{D87476E5-28FA-487C-91DC-934D451D4405}.Debug|Any CPU.Build.0 = Debug|Any CPU
		{D87476E5-28FA-487C-91DC-934D451D4405}.Release|Any CPU.ActiveCfg = Release|Any CPU
		{D87476E5-28FA-487C-91DC-934D451D4405}.Release|Any CPU.Build.0 = Release|Any CPU
	EndGlobalSection
	GlobalSection(SolutionProperties) = preSolution
		HideSolutionNode = FALSE
	EndGlobalSection
	GlobalSection(ExtensibilityGlobals) = postSolution
		SolutionGuid = {42A22B53-10D1-4CCB-9DBA-C0B2E847D66E}
	EndGlobalSection
EndGlobal
